<?xml version="1.0" encoding="utf-8"?>
<Project ToolsVersion="4.0" xmlns="http://schemas.microsoft.com/developer/msbuild/2003">
  <ItemGroup>
    <Filter Include="Archivos de origen">
      <UniqueIdentifier>{4FC737F1-C7A5-4376-A066-2A32D752A2FF}</UniqueIdentifier>
      <Extensions>cpp;c;cc;cxx;c++;cppm;ixx;def;odl;idl;hpj;bat;asm;asmx</Extensions>
    </Filter>
    <Filter Include="Archivos de encabezado">
      <UniqueIdentifier>{93995380-89BD-4b04-88EB-625FBE52EBFB}</UniqueIdentifier>
      <Extensions>h;hh;hpp;hxx;h++;hm;inl;inc;ipp;xsd</Extensions>
    </Filter>
    <Filter Include="Archivos de recursos">
      <UniqueIdentifier>{67DA6AB6-F800-4c08-8B7A-83BB121AAD01}</UniqueIdentifier>
      <Extensions>rc;ico;cur;bmp;dlg;rc2;rct;bin;rgs;gif;jpg;jpeg;jpe;resx;tiff;tif;png;wav;mfcribbon-ms</Extensions>
    </Filter>
    <Filter Include="ESC">
      <UniqueIdentifier>{d316780a-2c76-405a-bf66-130bc16dc734}</UniqueIdentifier>
    </Filter>
    <Filter Include="imgui">
      <UniqueIdentifier>{f4fec7b2-c4b4-40c2-b9dc-e3977c23c408}</UniqueIdentifier>
    </Filter>
    <Filter Include="Memory">
      <UniqueIdentifier>{52f71b9c-a860-4e0e-8816-30ebe859fdc9}</UniqueIdentifier>
    </Filter>
  </ItemGroup>
  <ItemGroup>
    <ClInclude Include="..\..\..\ChrisEngine-2\ChrisEngine-2\ChrisEngine\ChrisEngine-2\include\ECS\Actor.h">
      <Filter>ESC</Filter>
    </ClInclude>
    <ClInclude Include="..\..\..\ChrisEngine-2\ChrisEngine-2\ChrisEngine\ChrisEngine-2\include\ECS\Transform.h">
      <Filter>ESC</Filter>
    </ClInclude>
    <ClInclude Include="..\..\..\ChrisEngine-2\ChrisEngine-2\ChrisEngine\ChrisEngine-2\include\ECS\Texture.h">
      <Filter>ESC</Filter>
    </ClInclude>
    <ClInclude Include="..\..\..\ChrisEngine-2\ChrisEngine-2\ChrisEngine\ChrisEngine-2\include\ECS\Entity.h">
      <Filter>ESC</Filter>
    </ClInclude>
    <ClInclude Include="..\..\..\ChrisEngine-2\ChrisEngine-2\ChrisEngine\ChrisEngine-2\include\ECS\Component.h">
      <Filter>ESC</Filter>
    </ClInclude>
    <ClInclude Include="..\..\..\ChrisEngine-2\ChrisEngine-2\ChrisEngine\ChrisEngine-2\include\Memory\TWeakPointer.h">
      <Filter>Memory</Filter>
    </ClInclude>
    <ClInclude Include="..\..\..\ChrisEngine-2\ChrisEngine-2\ChrisEngine\ChrisEngine-2\include\Memory\TSharedPointer.h">
      <Filter>Memory</Filter>
    </ClInclude>
    <ClInclude Include="..\..\..\ChrisEngine-2\ChrisEngine-2\ChrisEngine\ChrisEngine-2\include\Memory\TStaticPtr.h">
      <Filter>Memory</Filter>
    </ClInclude>
    <ClInclude Include="..\..\..\ChrisEngine-2\ChrisEngine-2\ChrisEngine\ChrisEngine-2\include\Memory\TUniquePtr.h">
      <Filter>Memory</Filter>
    </ClInclude>
    <ClInclude Include="ThirdParties\imgui-sfml-master\imstb_truetype.h">
      <Filter>imgui</Filter>
    </ClInclude>
    <ClInclude Include="ThirdParties\imgui-sfml-master\imconfig.h">
      <Filter>imgui</Filter>
    </ClInclude>
    <ClInclude Include="ThirdParties\imgui-sfml-master\imconfig-SFML.h">
      <Filter>imgui</Filter>
    </ClInclude>
    <ClInclude Include="ThirdParties\imgui-sfml-master\imgui.h">
      <Filter>imgui</Filter>
    </ClInclude>
    <ClInclude Include="ThirdParties\imgui-sfml-master\imgui_internal.h">
      <Filter>imgui</Filter>
    </ClInclude>
    <ClInclude Include="ThirdParties\imgui-sfml-master\imgui-SFML.h">
      <Filter>imgui</Filter>
    </ClInclude>
    <ClInclude Include="ThirdParties\imgui-sfml-master\imgui-SFML_export.h">
      <Filter>imgui</Filter>
    </ClInclude>
    <ClInclude Include="ThirdParties\imgui-sfml-master\imstb_rectpack.h">
      <Filter>imgui</Filter>
    </ClInclude>
    <ClInclude Include="ThirdParties\imgui-sfml-master\imstb_textedit.h">
      <Filter>imgui</Filter>
    </ClInclude>
    <ClInclude Include="EntregaMarioKart\include\ResourceManager.h">
      <Filter>Archivos de encabezado</Filter>
    </ClInclude>
    <ClInclude Include="EntregaMarioKart\include\Prerequisites.h">
      <Filter>Archivos de encabezado</Filter>
    </ClInclude>
    <ClInclude Include="EntregaMarioKart\include\Window.h">
      <Filter>Archivos de encabezado</Filter>
    </ClInclude>
    <ClInclude Include="EntregaMarioKart\include\EngineGUI.h">
      <Filter>Archivos de encabezado</Filter>
    </ClInclude>
    <ClInclude Include="EntregaMarioKart\include\CShape.h">
      <Filter>Archivos de encabezado</Filter>
    </ClInclude>
    <ClInclude Include="EntregaMarioKart\include\BaseApp.h">
      <Filter>Archivos de encabezado</Filter>
    </ClInclude>
    <ClInclude Include="EntregaMarioKart\include\A_Racer.h">
      <Filter>Archivos de encabezado</Filter>
    </ClInclude>
  </ItemGroup>
  <ItemGroup>
    <ClCompile Include="..\..\..\ChrisEngine-2\ChrisEngine-2\ChrisEngine\ChrisEngine-2\src\BaseApp.cpp">
      <Filter>Archivos de recursos</Filter>
    </ClCompile>
    <ClCompile Include="ThirdParties\imgui-sfml-master\imgui.cpp">
      <Filter>imgui</Filter>
    </ClCompile>
    <ClCompile Include="ThirdParties\imgui-sfml-master\imgui_demo.cpp">
      <Filter>imgui</Filter>
    </ClCompile>
    <ClCompile Include="ThirdParties\imgui-sfml-master\imgui_draw.cpp">
      <Filter>imgui</Filter>
    </ClCompile>
    <ClCompile Include="ThirdParties\imgui-sfml-master\imgui_tables.cpp">
      <Filter>imgui</Filter>
    </ClCompile>
    <ClCompile Include="ThirdParties\imgui-sfml-master\imgui_widgets.cpp">
      <Filter>imgui</Filter>
    </ClCompile>
    <ClCompile Include="ThirdParties\imgui-sfml-master\imgui-SFML.cpp">
      <Filter>imgui</Filter>
    </ClCompile>
    <ClCompile Include="EntregaMarioKart\src\A_Racer.cpp">
      <Filter>Archivos de recursos</Filter>
    </ClCompile>
    <ClCompile Include="EntregaMarioKart\src\CShape.cpp">
      <Filter>Archivos de recursos</Filter>
    </ClCompile>
    <ClCompile Include="EntregaMarioKart\src\EngineGUI.cpp">
      <Filter>Archivos de recursos</Filter>
    </ClCompile>
    <ClCompile Include="EntregaMarioKart\src\main.cpp">
      <Filter>Archivos de recursos</Filter>
    </ClCompile>
    <ClCompile Include="EntregaMarioKart\src\ResourceManager.cpp">
      <Filter>Archivos de recursos</Filter>
    </ClCompile>
    <ClCompile Include="EntregaMarioKart\src\Texture.cpp">
      <Filter>Archivos de recursos</Filter>
    </ClCompile>
    <ClCompile Include="EntregaMarioKart\src\Window.cpp">
      <Filter>Archivos de recursos</Filter>
    </ClCompile>
  </ItemGroup>
</Project>